
Microsoft Visual Studio Solution File, Format Version 12.00
# Visual Studio Version 16
VisualStudioVersion = 16.0.31321.278
MinimumVisualStudioVersion = 10.0.40219.1
Project("{FAE04EC0-301F-11D3-BF4B-00C04F79EFBC}") = "PcPartsInvoiceSystem", "PcPartsInvoiceSystem\PcPartsInvoiceSystem.csproj", "{89C3A8F5-DDAF-4D5C-B7D2-61CED2359718}"
EndProject
Global
	GlobalSection(SolutionConfigurationPlatforms) = preSolution
		Debug|Any CPU = Debug|Any CPU
		Release|Any CPU = Release|Any CPU
	EndGlobalSection
	GlobalSection(ProjectConfigurationPlatforms) = postSolution
		{89C3A8F5-DDAF-4D5C-B7D2-61CED2359718}.Debug|Any CPU.ActiveCfg = Debug|Any CPU
		{89C3A8F5-DDAF-4D5C-B7D2-61CED2359718}.Debug|Any CPU.Build.0 = Debug|Any CPU
		{89C3A8F5-DDAF-4D5C-B7D2-61CED2359718}.Release|Any CPU.ActiveCfg = Release|Any CPU
		{89C3A8F5-DDAF-4D5C-B7D2-61CED2359718}.Release|Any CPU.Build.0 = Release|Any CPU
	EndGlobalSection
	GlobalSection(SolutionProperties) = preSolution
		HideSolutionNode = FALSE
	EndGlobalSection
	GlobalSection(ExtensibilityGlobals) = postSolution
		SolutionGuid = {38D78D96-828F-4687-B3E7-40EACCC13BA3}
	EndGlobalSection
EndGlobal
